
Microsoft Visual Studio Solution File, Format Version 12.00
Project("{2150E333-8FDC-42A3-9474-1A3956D46DE8}") = "src", "src", "{4C7A83BC-F7BD-4912-B00D-02755B366960}"
EndProject
Project("{FAE04EC0-301F-11D3-BF4B-00C04F79EFBC}") = "ToDoList.API", "src\ToDoList.API\ToDoList.API.csproj", "{4F2C7785-9CA5-4A66-B739-5AA1AD6BD553}"
EndProject
Project("{FAE04EC0-301F-11D3-BF4B-00C04F79EFBC}") = "ToDoList.Application", "src\ToDoList.Application\ToDoList.Application.csproj", "{F128B687-00A7-4CD4-829F-8D50891D8EAC}"
EndProject
Project("{FAE04EC0-301F-11D3-BF4B-00C04F79EFBC}") = "ToDoList.Core", "src\ToDoList.Core\ToDoList.Core.csproj", "{7E5FB5F7-659E-40A7-9235-18B0EBCC8C3C}"
EndProject
Project("{FAE04EC0-301F-11D3-BF4B-00C04F79EFBC}") = "ToDoList.Domain", "src\ToDoList.Domain\ToDoList.Domain.csproj", "{82889ACC-E270-4A09-AB84-F031627C5992}"
EndProject
Project("{FAE04EC0-301F-11D3-BF4B-00C04F79EFBC}") = "ToDoList.Infra.Data", "src\ToDoList.Infra.Data\ToDoList.Infra.Data.csproj", "{CFE5D920-4E9F-404D-9C2D-F1C58DD672EA}"
EndProject
Global
	GlobalSection(SolutionConfigurationPlatforms) = preSolution
		Debug|Any CPU = Debug|Any CPU
		Release|Any CPU = Release|Any CPU
	EndGlobalSection
	GlobalSection(NestedProjects) = preSolution
		{4F2C7785-9CA5-4A66-B739-5AA1AD6BD553} = {4C7A83BC-F7BD-4912-B00D-02755B366960}
		{F128B687-00A7-4CD4-829F-8D50891D8EAC} = {4C7A83BC-F7BD-4912-B00D-02755B366960}
		{7E5FB5F7-659E-40A7-9235-18B0EBCC8C3C} = {4C7A83BC-F7BD-4912-B00D-02755B366960}
		{82889ACC-E270-4A09-AB84-F031627C5992} = {4C7A83BC-F7BD-4912-B00D-02755B366960}
		{CFE5D920-4E9F-404D-9C2D-F1C58DD672EA} = {4C7A83BC-F7BD-4912-B00D-02755B366960}
	EndGlobalSection
	GlobalSection(ProjectConfigurationPlatforms) = postSolution
		{4F2C7785-9CA5-4A66-B739-5AA1AD6BD553}.Debug|Any CPU.ActiveCfg = Debug|Any CPU
		{4F2C7785-9CA5-4A66-B739-5AA1AD6BD553}.Debug|Any CPU.Build.0 = Debug|Any CPU
		{4F2C7785-9CA5-4A66-B739-5AA1AD6BD553}.Release|Any CPU.ActiveCfg = Release|Any CPU
		{4F2C7785-9CA5-4A66-B739-5AA1AD6BD553}.Release|Any CPU.Build.0 = Release|Any CPU
		{F128B687-00A7-4CD4-829F-8D50891D8EAC}.Debug|Any CPU.ActiveCfg = Debug|Any CPU
		{F128B687-00A7-4CD4-829F-8D50891D8EAC}.Debug|Any CPU.Build.0 = Debug|Any CPU
		{F128B687-00A7-4CD4-829F-8D50891D8EAC}.Release|Any CPU.ActiveCfg = Release|Any CPU
		{F128B687-00A7-4CD4-829F-8D50891D8EAC}.Release|Any CPU.Build.0 = Release|Any CPU
		{7E5FB5F7-659E-40A7-9235-18B0EBCC8C3C}.Debug|Any CPU.ActiveCfg = Debug|Any CPU
		{7E5FB5F7-659E-40A7-9235-18B0EBCC8C3C}.Debug|Any CPU.Build.0 = Debug|Any CPU
		{7E5FB5F7-659E-40A7-9235-18B0EBCC8C3C}.Release|Any CPU.ActiveCfg = Release|Any CPU
		{7E5FB5F7-659E-40A7-9235-18B0EBCC8C3C}.Release|Any CPU.Build.0 = Release|Any CPU
		{82889ACC-E270-4A09-AB84-F031627C5992}.Debug|Any CPU.ActiveCfg = Debug|Any CPU
		{82889ACC-E270-4A09-AB84-F031627C5992}.Debug|Any CPU.Build.0 = Debug|Any CPU
		{82889ACC-E270-4A09-AB84-F031627C5992}.Release|Any CPU.ActiveCfg = Release|Any CPU
		{82889ACC-E270-4A09-AB84-F031627C5992}.Release|Any CPU.Build.0 = Release|Any CPU
		{CFE5D920-4E9F-404D-9C2D-F1C58DD672EA}.Debug|Any CPU.ActiveCfg = Debug|Any CPU
		{CFE5D920-4E9F-404D-9C2D-F1C58DD672EA}.Debug|Any CPU.Build.0 = Debug|Any CPU
		{CFE5D920-4E9F-404D-9C2D-F1C58DD672EA}.Release|Any CPU.ActiveCfg = Release|Any CPU
		{CFE5D920-4E9F-404D-9C2D-F1C58DD672EA}.Release|Any CPU.Build.0 = Release|Any CPU
	EndGlobalSection
EndGlobal
